{
	"name": "dreamstate-src",
	"lockfileVersion": 2,
	"requires": true,
	"packages": {
		"": {
			"name": "dreamstate-src",
			"devDependencies": {
				"@types/enzyme": "^3.10.8"
			}
		},
		"node_modules/@types/cheerio": {
			"version": "0.22.24",
			"resolved": "https://registry.npmjs.org/@types/cheerio/-/cheerio-0.22.24.tgz",
			"integrity": "sha512-iKXt/cwltGvN06Dd6zwQG1U35edPwId9lmcSeYfcxSNvvNg4vysnFB+iBQNjj06tSVV7MBj0GWMQ7dwb4Z+p8Q==",
			"dev": true,
			"dependencies": {
				"@types/node": "*"
			}
		},
		"node_modules/@types/enzyme": {
			"version": "3.10.8",
			"resolved": "https://registry.npmjs.org/@types/enzyme/-/enzyme-3.10.8.tgz",
			"integrity": "sha512-vlOuzqsTHxog6PV79+tvOHFb6hq4QZKMq1lLD9MaWD1oec2lHTKndn76XOpSwCA0oFTaIbKVPrgM3k78Jjd16g==",
			"dev": true,
			"dependencies": {
				"@types/cheerio": "*",
				"@types/react": "*"
			}
		},
		"node_modules/@types/node": {
			"version": "14.14.31",
			"resolved": "https://registry.npmjs.org/@types/node/-/node-14.14.31.tgz",
			"integrity": "sha512-vFHy/ezP5qI0rFgJ7aQnjDXwAMrG0KqqIH7tQG5PPv3BWBayOPIQNBjVc/P6hhdZfMx51REc6tfDNXHUio893g==",
			"dev": true
		},
		"node_modules/@types/prop-types": {
			"version": "15.7.3",
			"resolved": "https://registry.npmjs.org/@types/prop-types/-/prop-types-15.7.3.tgz",
			"integrity": "sha512-KfRL3PuHmqQLOG+2tGpRO26Ctg+Cq1E01D2DMriKEATHgWLfeNDmq9e29Q9WIky0dQ3NPkd1mzYH8Lm936Z9qw==",
			"dev": true
		},
		"node_modules/@types/react": {
			"version": "17.0.2",
			"resolved": "https://registry.npmjs.org/@types/react/-/react-17.0.2.tgz",
			"integrity": "sha512-Xt40xQsrkdvjn1EyWe1Bc0dJLcil/9x2vAuW7ya+PuQip4UYUaXyhzWmAbwRsdMgwOFHpfp7/FFZebDU6Y8VHA==",
			"dev": true,
			"dependencies": {
				"@types/prop-types": "*",
				"csstype": "^3.0.2"
			}
		},
		"node_modules/csstype": {
			"version": "3.0.7",
			"resolved": "https://registry.npmjs.org/csstype/-/csstype-3.0.7.tgz",
			"integrity": "sha512-KxnUB0ZMlnUWCsx2Z8MUsr6qV6ja1w9ArPErJaJaF8a5SOWoHLIszeCTKGRGRgtLgYrs1E8CHkNSP1VZTTPc9g==",
			"dev": true
		}
	},
	"dependencies": {
		"@types/cheerio": {
			"version": "0.22.24",
			"resolved": "https://registry.npmjs.org/@types/cheerio/-/cheerio-0.22.24.tgz",
			"integrity": "sha512-iKXt/cwltGvN06Dd6zwQG1U35edPwId9lmcSeYfcxSNvvNg4vysnFB+iBQNjj06tSVV7MBj0GWMQ7dwb4Z+p8Q==",
			"dev": true,
			"requires": {
				"@types/node": "*"
			}
		},
		"@types/enzyme": {
			"version": "3.10.8",
			"resolved": "https://registry.npmjs.org/@types/enzyme/-/enzyme-3.10.8.tgz",
			"integrity": "sha512-vlOuzqsTHxog6PV79+tvOHFb6hq4QZKMq1lLD9MaWD1oec2lHTKndn76XOpSwCA0oFTaIbKVPrgM3k78Jjd16g==",
			"dev": true,
			"requires": {
				"@types/cheerio": "*",
				"@types/react": "*"
			}
		},
		"@types/node": {
			"version": "14.14.31",
			"resolved": "https://registry.npmjs.org/@types/node/-/node-14.14.31.tgz",
			"integrity": "sha512-vFHy/ezP5qI0rFgJ7aQnjDXwAMrG0KqqIH7tQG5PPv3BWBayOPIQNBjVc/P6hhdZfMx51REc6tfDNXHUio893g==",
			"dev": true
		},
		"@types/prop-types": {
			"version": "15.7.3",
			"resolved": "https://registry.npmjs.org/@types/prop-types/-/prop-types-15.7.3.tgz",
			"integrity": "sha512-KfRL3PuHmqQLOG+2tGpRO26Ctg+Cq1E01D2DMriKEATHgWLfeNDmq9e29Q9WIky0dQ3NPkd1mzYH8Lm936Z9qw==",
			"dev": true
		},
		"@types/react": {
			"version": "17.0.2",
			"resolved": "https://registry.npmjs.org/@types/react/-/react-17.0.2.tgz",
			"integrity": "sha512-Xt40xQsrkdvjn1EyWe1Bc0dJLcil/9x2vAuW7ya+PuQip4UYUaXyhzWmAbwRsdMgwOFHpfp7/FFZebDU6Y8VHA==",
			"dev": true,
			"requires": {
				"@types/prop-types": "*",
				"csstype": "^3.0.2"
			}
		},
		"csstype": {
			"version": "3.0.7",
			"resolved": "https://registry.npmjs.org/csstype/-/csstype-3.0.7.tgz",
			"integrity": "sha512-KxnUB0ZMlnUWCsx2Z8MUsr6qV6ja1w9ArPErJaJaF8a5SOWoHLIszeCTKGRGRgtLgYrs1E8CHkNSP1VZTTPc9g==",
			"dev": true
		}
	}
}
